
Microsoft Visual Studio Solution File, Format Version 12.00
# Visual Studio 2012
Project("{8BC9CEB8-8B4A-11D0-8D11-00A0C91BC942}") = "Project", "Project\Project.vcxproj", "{E80CC4C3-559E-4E1E-8AD0-252F4D442441}"
EndProject
Global
	GlobalSection(SolutionConfigurationPlatforms) = preSolution
		Debug|Win32 = Debug|Win32
		Release|Win32 = Release|Win32
	EndGlobalSection
	GlobalSection(ProjectConfigurationPlatforms) = postSolution
		{E80CC4C3-559E-4E1E-8AD0-252F4D442441}.Debug|Win32.ActiveCfg = Debug|Win32
		{E80CC4C3-559E-4E1E-8AD0-252F4D442441}.Debug|Win32.Build.0 = Debug|Win32
		{E80CC4C3-559E-4E1E-8AD0-252F4D442441}.Release|Win32.ActiveCfg = Release|Win32
		{E80CC4C3-559E-4E1E-8AD0-252F4D442441}.Release|Win32.Build.0 = Release|Win32
	EndGlobalSection
	GlobalSection(SolutionProperties) = preSolution
		HideSolutionNode = FALSE
	EndGlobalSection
EndGlobal
